
Microsoft Visual Studio Solution File, Format Version 12.00
# Visual Studio 15
VisualStudioVersion = 15.0.28307.902
MinimumVisualStudioVersion = 10.0.40219.1
Project("{FAE04EC0-301F-11D3-BF4B-00C04F79EFBC}") = "EmployeeManagementMVC", "EmployeeManagementMVC\EmployeeManagementMVC.csproj", "{DFA4D998-AAF1-4119-88BB-0D590EA59666}"
EndProject
Global
	GlobalSection(SolutionConfigurationPlatforms) = preSolution
		Debug|Any CPU = Debug|Any CPU
		Release|Any CPU = Release|Any CPU
	EndGlobalSection
	GlobalSection(ProjectConfigurationPlatforms) = postSolution
		{DFA4D998-AAF1-4119-88BB-0D590EA59666}.Debug|Any CPU.ActiveCfg = Debug|Any CPU
		{DFA4D998-AAF1-4119-88BB-0D590EA59666}.Debug|Any CPU.Build.0 = Debug|Any CPU
		{DFA4D998-AAF1-4119-88BB-0D590EA59666}.Release|Any CPU.ActiveCfg = Release|Any CPU
		{DFA4D998-AAF1-4119-88BB-0D590EA59666}.Release|Any CPU.Build.0 = Release|Any CPU
	EndGlobalSection
	GlobalSection(SolutionProperties) = preSolution
		HideSolutionNode = FALSE
	EndGlobalSection
	GlobalSection(ExtensibilityGlobals) = postSolution
		SolutionGuid = {D3870917-BA0F-4D9D-B8D4-D67C92CF35AE}
	EndGlobalSection
EndGlobal
